
Microsoft Visual Studio Solution File, Format Version 12.00
# Visual Studio 14
VisualStudioVersion = 14.0.25420.1
MinimumVisualStudioVersion = 10.0.40219.1
Project("{FAE04EC0-301F-11D3-BF4B-00C04F79EFBC}") = "Clinic Record", "Clinic Record\Clinic Record.csproj", "{D53EFDB6-EFF1-4CAC-BA0C-AECB0C34983F}"
EndProject
Project("{54435603-DBB4-11D2-8724-00A0C9A8B90C}") = "ClinicRecord", "ClinicRecord\ClinicRecord.vdproj", "{EDA2D401-7E54-403B-A14E-06299E275547}"
EndProject
Global
	GlobalSection(SolutionConfigurationPlatforms) = preSolution
		Debug|Any CPU = Debug|Any CPU
		Release|Any CPU = Release|Any CPU
	EndGlobalSection
	GlobalSection(ProjectConfigurationPlatforms) = postSolution
		{D53EFDB6-EFF1-4CAC-BA0C-AECB0C34983F}.Debug|Any CPU.ActiveCfg = Debug|Any CPU
		{D53EFDB6-EFF1-4CAC-BA0C-AECB0C34983F}.Debug|Any CPU.Build.0 = Debug|Any CPU
		{D53EFDB6-EFF1-4CAC-BA0C-AECB0C34983F}.Release|Any CPU.ActiveCfg = Release|Any CPU
		{D53EFDB6-EFF1-4CAC-BA0C-AECB0C34983F}.Release|Any CPU.Build.0 = Release|Any CPU
		{EDA2D401-7E54-403B-A14E-06299E275547}.Debug|Any CPU.ActiveCfg = Debug
		{EDA2D401-7E54-403B-A14E-06299E275547}.Release|Any CPU.ActiveCfg = Release
	EndGlobalSection
	GlobalSection(SolutionProperties) = preSolution
		HideSolutionNode = FALSE
	EndGlobalSection
EndGlobal
